// !$*UTF8*$!
{
	archiveVersion = 1;
	classes = {
	};
	objectVersion = 77;
	objects = {

/* Begin PBXContainerItemProxy section */
		2BDF3FB82DF7684600D05E83 /* PBXContainerItemProxy */ = {
			isa = PBXContainerItemProxy;
			containerPortal = 2BDF3F9F2DF7684400D05E83 /* Project object */;
			proxyType = 1;
			remoteGlobalIDString = 2BDF3FA62DF7684400D05E83;
			remoteInfo = pokedexSwiftUI;
		};
		2BDF3FC22DF7684600D05E83 /* PBXContainerItemProxy */ = {
			isa = PBXContainerItemProxy;
			containerPortal = 2BDF3F9F2DF7684400D05E83 /* Project object */;
			proxyType = 1;
			remoteGlobalIDString = 2BDF3FA62DF7684400D05E83;
			remoteInfo = pokedexSwiftUI;
		};
/* End PBXContainerItemProxy section */

/* Begin PBXFileReference section */
		2BDF3FA72DF7684400D05E83 /* pokedexSwiftUI.app */ = {isa = PBXFileReference; explicitFileType = wrapper.application; includeInIndex = 0; path = pokedexSwiftUI.app; sourceTree = BUILT_PRODUCTS_DIR; };
		2BDF3FB72DF7684600D05E83 /* pokedexSwiftUITests.xctest */ = {isa = PBXFileReference; explicitFileType = wrapper.cfbundle; includeInIndex = 0; path = pokedexSwiftUITests.xctest; sourceTree = BUILT_PRODUCTS_DIR; };
		2BDF3FC12DF7684600D05E83 /* pokedexSwiftUIUITests.xctest */ = {isa = PBXFileReference; explicitFileType = wrapper.cfbundle; includeInIndex = 0; path = pokedexSwiftUIUITests.xctest; sourceTree = BUILT_PRODUCTS_DIR; };
/* End PBXFileReference section */

/* Begin PBXFileSystemSynchronizedRootGroup section */
		2BDF3FA92DF7684400D05E83 /* pokedexSwiftUI */ = {
			isa = PBXFileSystemSynchronizedRootGroup;
			path = pokedexSwiftUI;
			sourceTree = "<group>";
		};
		2BDF3FBA2DF7684600D05E83 /* pokedexSwiftUITests */ = {
			isa = PBXFileSystemSynchronizedRootGroup;
			path = pokedexSwiftUITests;
			sourceTree = "<group>";
		};
		2BDF3FC42DF7684600D05E83 /* pokedexSwiftUIUITests */ = {
			isa = PBXFileSystemSynchronizedRootGroup;
			path = pokedexSwiftUIUITests;
			sourceTree = "<group>";
		};
/* End PBXFileSystemSynchronizedRootGroup section */

/* Begin PBXFrameworksBuildPhase section */
		2BDF3FA42DF7684400D05E83 /* Frameworks */ = {
			isa = PBXFrameworksBuildPhase;
			buildActionMask = 2147483647;
			files = (
			);
			runOnlyForDeploymentPostprocessing = 0;
		};
		2BDF3FB42DF7684600D05E83 /* Frameworks */ = {
			isa = PBXFrameworksBuildPhase;
			buildActionMask = 2147483647;
			files = (
			);
			runOnlyForDeploymentPostprocessing = 0;
		};
		2BDF3FBE2DF7684600D05E83 /* Frameworks */ = {
			isa = PBXFrameworksBuildPhase;
			buildActionMask = 2147483647;
			files = (
			);
			runOnlyForDeploymentPostprocessing = 0;
		};
/* End PBXFrameworksBuildPhase section */

/* Begin PBXGroup section */
		2BDF3F9E2DF7684400D05E83 = {
			isa = PBXGroup;
			children = (
				2BDF3FA92DF7684400D05E83 /* pokedexSwiftUI */,
				2BDF3FBA2DF7684600D05E83 /* pokedexSwiftUITests */,
				2BDF3FC42DF7684600D05E83 /* pokedexSwiftUIUITests */,
				2BDF3FA82DF7684400D05E83 /* Products */,
			);
			sourceTree = "<group>";
		};
		2BDF3FA82DF7684400D05E83 /* Products */ = {
			isa = PBXGroup;
			children = (
				2BDF3FA72DF7684400D05E83 /* pokedexSwiftUI.app */,
				2BDF3FB72DF7684600D05E83 /* pokedexSwiftUITests.xctest */,
				2BDF3FC12DF7684600D05E83 /* pokedexSwiftUIUITests.xctest */,
			);
			name = Products;
			sourceTree = "<group>";
		};
/* End PBXGroup section */

/* Begin PBXNativeTarget section */
		2BDF3FA62DF7684400D05E83 /* pokedexSwiftUI */ = {
			isa = PBXNativeTarget;
			buildConfigurationList = 2BDF3FCB2DF7684600D05E83 /* Build configuration list for PBXNativeTarget "pokedexSwiftUI" */;
			buildPhases = (
				2BDF3FA32DF7684400D05E83 /* Sources */,
				2BDF3FA42DF7684400D05E83 /* Frameworks */,
				2BDF3FA52DF7684400D05E83 /* Resources */,
			);
			buildRules = (
			);
			dependencies = (
			);
			fileSystemSynchronizedGroups = (
				2BDF3FA92DF7684400D05E83 /* pokedexSwiftUI */,
			);
			name = pokedexSwiftUI;
			packageProductDependencies = (
			);
			productName = pokedexSwiftUI;
			productReference = 2BDF3FA72DF7684400D05E83 /* pokedexSwiftUI.app */;
			productType = "com.apple.product-type.application";
		};
		2BDF3FB62DF7684600D05E83 /* pokedexSwiftUITests */ = {
			isa = PBXNativeTarget;
			buildConfigurationList = 2BDF3FCE2DF7684600D05E83 /* Build configuration list for PBXNativeTarget "pokedexSwiftUITests" */;
			buildPhases = (
				2BDF3FB32DF7684600D05E83 /* Sources */,
				2BDF3FB42DF7684600D05E83 /* Frameworks */,
				2BDF3FB52DF7684600D05E83 /* Resources */,
			);
			buildRules = (
			);
			dependencies = (
				2BDF3FB92DF7684600D05E83 /* PBXTargetDependency */,
			);
			fileSystemSynchronizedGroups = (
				2BDF3FBA2DF7684600D05E83 /* pokedexSwiftUITests */,
			);
			name = pokedexSwiftUITests;
			packageProductDependencies = (
			);
			productName = pokedexSwiftUITests;
			productReference = 2BDF3FB72DF7684600D05E83 /* pokedexSwiftUITests.xctest */;
			productType = "com.apple.product-type.bundle.unit-test";
		};
		2BDF3FC02DF7684600D05E83 /* pokedexSwiftUIUITests */ = {
			isa = PBXNativeTarget;
			buildConfigurationList = 2BDF3FD12DF7684600D05E83 /* Build configuration list for PBXNativeTarget "pokedexSwiftUIUITests" */;
			buildPhases = (
				2BDF3FBD2DF7684600D05E83 /* Sources */,
				2BDF3FBE2DF7684600D05E83 /* Frameworks */,
				2BDF3FBF2DF7684600D05E83 /* Resources */,
			);
			buildRules = (
			);
			dependencies = (
				2BDF3FC32DF7684600D05E83 /* PBXTargetDependency */,
			);
			fileSystemSynchronizedGroups = (
				2BDF3FC42DF7684600D05E83 /* pokedexSwiftUIUITests */,
			);
			name = pokedexSwiftUIUITests;
			packageProductDependencies = (
			);
			productName = pokedexSwiftUIUITests;
			productReference = 2BDF3FC12DF7684600D05E83 /* pokedexSwiftUIUITests.xctest */;
			productType = "com.apple.product-type.bundle.ui-testing";
		};
/* End PBXNativeTarget section */

/* Begin PBXProject section */
		2BDF3F9F2DF7684400D05E83 /* Project object */ = {
			isa = PBXProject;
			attributes = {
				BuildIndependentTargetsInParallel = 1;
				LastSwiftUpdateCheck = 1620;
				LastUpgradeCheck = 1620;
				TargetAttributes = {
					2BDF3FA62DF7684400D05E83 = {
						CreatedOnToolsVersion = 16.2;
					};
					2BDF3FB62DF7684600D05E83 = {
						CreatedOnToolsVersion = 16.2;
						TestTargetID = 2BDF3FA62DF7684400D05E83;
					};
					2BDF3FC02DF7684600D05E83 = {
						CreatedOnToolsVersion = 16.2;
						TestTargetID = 2BDF3FA62DF7684400D05E83;
					};
				};
			};
			buildConfigurationList = 2BDF3FA22DF7684400D05E83 /* Build configuration list for PBXProject "pokedexSwiftUI" */;
			developmentRegion = en;
			hasScannedForEncodings = 0;
			knownRegions = (
				en,
				Base,
			);
			mainGroup = 2BDF3F9E2DF7684400D05E83;
			minimizedProjectReferenceProxies = 1;
			preferredProjectObjectVersion = 77;
			productRefGroup = 2BDF3FA82DF7684400D05E83 /* Products */;
			projectDirPath = "";
			projectRoot = "";
			targets = (
				2BDF3FA62DF7684400D05E83 /* pokedexSwiftUI */,
				2BDF3FB62DF7684600D05E83 /* pokedexSwiftUITests */,
				2BDF3FC02DF7684600D05E83 /* pokedexSwiftUIUITests */,
			);
		};
/* End PBXProject section */

/* Begin PBXResourcesBuildPhase section */
		2BDF3FA52DF7684400D05E83 /* Resources */ = {
			isa = PBXResourcesBuildPhase;
			buildActionMask = 2147483647;
			files = (
			);
			runOnlyForDeploymentPostprocessing = 0;
		};
		2BDF3FB52DF7684600D05E83 /* Resources */ = {
			isa = PBXResourcesBuildPhase;
			buildActionMask = 2147483647;
			files = (
			);
			runOnlyForDeploymentPostprocessing = 0;
		};
		2BDF3FBF2DF7684600D05E83 /* Resources */ = {
			isa = PBXResourcesBuildPhase;
			buildActionMask = 2147483647;
			files = (
			);
			runOnlyForDeploymentPostprocessing = 0;
		};
/* End PBXResourcesBuildPhase section */

/* Begin PBXSourcesBuildPhase section */
		2BDF3FA32DF7684400D05E83 /* Sources */ = {
			isa = PBXSourcesBuildPhase;
			buildActionMask = 2147483647;
			files = (
			);
			runOnlyForDeploymentPostprocessing = 0;
		};
		2BDF3FB32DF7684600D05E83 /* Sources */ = {
			isa = PBXSourcesBuildPhase;
			buildActionMask = 2147483647;
			files = (
			);
			runOnlyForDeploymentPostprocessing = 0;
		};
		2BDF3FBD2DF7684600D05E83 /* Sources */ = {
			isa = PBXSourcesBuildPhase;
			buildActionMask = 2147483647;
			files = (
			);
			runOnlyForDeploymentPostprocessing = 0;
		};
/* End PBXSourcesBuildPhase section */

/* Begin PBXTargetDependency section */
		2BDF3FB92DF7684600D05E83 /* PBXTargetDependency */ = {
			isa = PBXTargetDependency;
			target = 2BDF3FA62DF7684400D05E83 /* pokedexSwiftUI */;
			targetProxy = 2BDF3FB82DF7684600D05E83 /* PBXContainerItemProxy */;
		};
		2BDF3FC32DF7684600D05E83 /* PBXTargetDependency */ = {
			isa = PBXTargetDependency;
			target = 2BDF3FA62DF7684400D05E83 /* pokedexSwiftUI */;
			targetProxy = 2BDF3FC22DF7684600D05E83 /* PBXContainerItemProxy */;
		};
/* End PBXTargetDependency section */

/* Begin XCBuildConfiguration section */
		2BDF3FC92DF7684600D05E83 /* Debug */ = {
			isa = XCBuildConfiguration;
			buildSettings = {
				ALWAYS_SEARCH_USER_PATHS = NO;
				ASSETCATALOG_COMPILER_GENERATE_SWIFT_ASSET_SYMBOL_EXTENSIONS = YES;
				CLANG_ANALYZER_NONNULL = YES;
				CLANG_ANALYZER_NUMBER_OBJECT_CONVERSION = YES_AGGRESSIVE;
				CLANG_CXX_LANGUAGE_STANDARD = "gnu++20";
				CLANG_ENABLE_MODULES = YES;
				CLANG_ENABLE_OBJC_ARC = YES;
				CLANG_ENABLE_OBJC_WEAK = YES;
				CLANG_WARN_BLOCK_CAPTURE_AUTORELEASING = YES;
				CLANG_WARN_BOOL_CONVERSION = YES;
				CLANG_WARN_COMMA = YES;
				CLANG_WARN_CONSTANT_CONVERSION = YES;
				CLANG_WARN_DEPRECATED_OBJC_IMPLEMENTATIONS = YES;
				CLANG_WARN_DIRECT_OBJC_ISA_USAGE = YES_ERROR;
				CLANG_WARN_DOCUMENTATION_COMMENTS = YES;
				CLANG_WARN_EMPTY_BODY = YES;
				CLANG_WARN_ENUM_CONVERSION = YES;
				CLANG_WARN_INFINITE_RECURSION = YES;
				CLANG_WARN_INT_CONVERSION = YES;
				CLANG_WARN_NON_LITERAL_NULL_CONVERSION = YES;
				CLANG_WARN_OBJC_IMPLICIT_RETAIN_SELF = YES;
				CLANG_WARN_OBJC_LITERAL_CONVERSION = YES;
				CLANG_WARN_OBJC_ROOT_CLASS = YES_ERROR;
				CLANG_WARN_QUOTED_INCLUDE_IN_FRAMEWORK_HEADER = YES;
				CLANG_WARN_RANGE_LOOP_ANALYSIS = YES;
				CLANG_WARN_STRICT_PROTOTYPES = YES;
				CLANG_WARN_SUSPICIOUS_MOVE = YES;
				CLANG_WARN_UNGUARDED_AVAILABILITY = YES_AGGRESSIVE;
				CLANG_WARN_UNREACHABLE_CODE = YES;
				CLANG_WARN__DUPLICATE_METHOD_MATCH = YES;
				COPY_PHASE_STRIP = NO;
				DEBUG_INFORMATION_FORMAT = dwarf;
				ENABLE_STRICT_OBJC_MSGSEND = YES;
				ENABLE_TESTABILITY = YES;
				ENABLE_USER_SCRIPT_SANDBOXING = YES;
				GCC_C_LANGUAGE_STANDARD = gnu17;
				GCC_DYNAMIC_NO_PIC = NO;
				GCC_NO_COMMON_BLOCKS = YES;
				GCC_OPTIMIZATION_LEVEL = 0;
				GCC_PREPROCESSOR_DEFINITIONS = (
					"DEBUG=1",
					"$(inherited)",
				);
				GCC_WARN_64_TO_32_BIT_CONVERSION = YES;
				GCC_WARN_ABOUT_RETURN_TYPE = YES_ERROR;
				GCC_WARN_UNDECLARED_SELECTOR = YES;
				GCC_WARN_UNINITIALIZED_AUTOS = YES_AGGRESSIVE;
				GCC_WARN_UNUSED_FUNCTION = YES;
				GCC_WARN_UNUSED_VARIABLE = YES;
				IPHONEOS_DEPLOYMENT_TARGET = 18.2;
				LOCALIZATION_PREFERS_STRING_CATALOGS = YES;
				MTL_ENABLE_DEBUG_INFO = INCLUDE_SOURCE;
				MTL_FAST_MATH = YES;
				ONLY_ACTIVE_ARCH = YES;
				SDKROOT = iphoneos;
				SWIFT_ACTIVE_COMPILATION_CONDITIONS = "DEBUG $(inherited)";
				SWIFT_OPTIMIZATION_LEVEL = "-Onone";
			};
			name = Debug;
		};
		2BDF3FCA2DF7684600D05E83 /* Release */ = {
			isa = XCBuildConfiguration;
			buildSettings = {
				ALWAYS_SEARCH_USER_PATHS = NO;
				ASSETCATALOG_COMPILER_GENERATE_SWIFT_ASSET_SYMBOL_EXTENSIONS = YES;
				CLANG_ANALYZER_NONNULL = YES;
				CLANG_ANALYZER_NUMBER_OBJECT_CONVERSION = YES_AGGRESSIVE;
				CLANG_CXX_LANGUAGE_STANDARD = "gnu++20";
				CLANG_ENABLE_MODULES = YES;
				CLANG_ENABLE_OBJC_ARC = YES;
				CLANG_ENABLE_OBJC_WEAK = YES;
				CLANG_WARN_BLOCK_CAPTURE_AUTORELEASING = YES;
				CLANG_WARN_BOOL_CONVERSION = YES;
				CLANG_WARN_COMMA = YES;
				CLANG_WARN_CONSTANT_CONVERSION = YES;
				CLANG_WARN_DEPRECATED_OBJC_IMPLEMENTATIONS = YES;
				CLANG_WARN_DIRECT_OBJC_ISA_USAGE = YES_ERROR;
				CLANG_WARN_DOCUMENTATION_COMMENTS = YES;
				CLANG_WARN_EMPTY_BODY = YES;
				CLANG_WARN_ENUM_CONVERSION = YES;
				CLANG_WARN_INFINITE_RECURSION = YES;
				CLANG_WARN_INT_CONVERSION = YES;
				CLANG_WARN_NON_LITERAL_NULL_CONVERSION = YES;
				CLANG_WARN_OBJC_IMPLICIT_RETAIN_SELF = YES;
				CLANG_WARN_OBJC_LITERAL_CONVERSION = YES;
				CLANG_WARN_OBJC_ROOT_CLASS = YES_ERROR;
				CLANG_WARN_QUOTED_INCLUDE_IN_FRAMEWORK_HEADER = YES;
				CLANG_WARN_RANGE_LOOP_ANALYSIS = YES;
				CLANG_WARN_STRICT_PROTOTYPES = YES;
				CLANG_WARN_SUSPICIOUS_MOVE = YES;
				CLANG_WARN_UNGUARDED_AVAILABILITY = YES_AGGRESSIVE;
				CLANG_WARN_UNREACHABLE_CODE = YES;
				CLANG_WARN__DUPLICATE_METHOD_MATCH = YES;
				COPY_PHASE_STRIP = NO;
				DEBUG_INFORMATION_FORMAT = "dwarf-with-dsym";
				ENABLE_NS_ASSERTIONS = NO;
				ENABLE_STRICT_OBJC_MSGSEND = YES;
				ENABLE_USER_SCRIPT_SANDBOXING = YES;
				GCC_C_LANGUAGE_STANDARD = gnu17;
				GCC_NO_COMMON_BLOCKS = YES;
				GCC_WARN_64_TO_32_BIT_CONVERSION = YES;
				GCC_WARN_ABOUT_RETURN_TYPE = YES_ERROR;
				GCC_WARN_UNDECLARED_SELECTOR = YES;
				GCC_WARN_UNINITIALIZED_AUTOS = YES_AGGRESSIVE;
				GCC_WARN_UNUSED_FUNCTION = YES;
				GCC_WARN_UNUSED_VARIABLE = YES;
				IPHONEOS_DEPLOYMENT_TARGET = 18.2;
				LOCALIZATION_PREFERS_STRING_CATALOGS = YES;
				MTL_ENABLE_DEBUG_INFO = NO;
				MTL_FAST_MATH = YES;
				SDKROOT = iphoneos;
				SWIFT_COMPILATION_MODE = wholemodule;
				VALIDATE_PRODUCT = YES;
			};
			name = Release;
		};
		2BDF3FCC2DF7684600D05E83 /* Debug */ = {
			isa = XCBuildConfiguration;
			buildSettings = {
				ASSETCATALOG_COMPILER_APPICON_NAME = AppIcon;
				ASSETCATALOG_COMPILER_GLOBAL_ACCENT_COLOR_NAME = AccentColor;
				CODE_SIGN_STYLE = Automatic;
				CURRENT_PROJECT_VERSION = 1;
				DEVELOPMENT_ASSET_PATHS = "\"pokedexSwiftUI/Preview Content\"";
				ENABLE_PREVIEWS = YES;
				GENERATE_INFOPLIST_FILE = YES;
				INFOPLIST_KEY_UIApplicationSceneManifest_Generation = YES;
				INFOPLIST_KEY_UIApplicationSupportsIndirectInputEvents = YES;
				INFOPLIST_KEY_UILaunchScreen_Generation = YES;
				INFOPLIST_KEY_UISupportedInterfaceOrientations_iPad = "UIInterfaceOrientationPortrait UIInterfaceOrientationPortraitUpsideDown UIInterfaceOrientationLandscapeLeft UIInterfaceOrientationLandscapeRight";
				INFOPLIST_KEY_UISupportedInterfaceOrientations_iPhone = "UIInterfaceOrientationPortrait UIInterfaceOrientationLandscapeLeft UIInterfaceOrientationLandscapeRight";
				LD_RUNPATH_SEARCH_PATHS = (
					"$(inherited)",
					"@executable_path/Frameworks",
				);
				MARKETING_VERSION = 1.0;
				PRODUCT_BUNDLE_IDENTIFIER = com.dnxcoder.routing.pokedexSwiftUI;
				PRODUCT_NAME = "$(TARGET_NAME)";
				SWIFT_EMIT_LOC_STRINGS = YES;
				SWIFT_VERSION = 5.0;
				TARGETED_DEVICE_FAMILY = "1,2";
			};
			name = Debug;
		};
		2BDF3FCD2DF7684600D05E83 /* Release */ = {
			isa = XCBuildConfiguration;
			buildSettings = {
				ASSETCATALOG_COMPILER_APPICON_NAME = AppIcon;
				ASSETCATALOG_COMPILER_GLOBAL_ACCENT_COLOR_NAME = AccentColor;
				CODE_SIGN_STYLE = Automatic;
				CURRENT_PROJECT_VERSION = 1;
				DEVELOPMENT_ASSET_PATHS = "\"pokedexSwiftUI/Preview Content\"";
				ENABLE_PREVIEWS = YES;
				GENERATE_INFOPLIST_FILE = YES;
				INFOPLIST_KEY_UIApplicationSceneManifest_Generation = YES;
				INFOPLIST_KEY_UIApplicationSupportsIndirectInputEvents = YES;
				INFOPLIST_KEY_UILaunchScreen_Generation = YES;
				INFOPLIST_KEY_UISupportedInterfaceOrientations_iPad = "UIInterfaceOrientationPortrait UIInterfaceOrientationPortraitUpsideDown UIInterfaceOrientationLandscapeLeft UIInterfaceOrientationLandscapeRight";
				INFOPLIST_KEY_UISupportedInterfaceOrientations_iPhone = "UIInterfaceOrientationPortrait UIInterfaceOrientationLandscapeLeft UIInterfaceOrientationLandscapeRight";
				LD_RUNPATH_SEARCH_PATHS = (
					"$(inherited)",
					"@executable_path/Frameworks",
				);
				MARKETING_VERSION = 1.0;
				PRODUCT_BUNDLE_IDENTIFIER = com.dnxcoder.routing.pokedexSwiftUI;
				PRODUCT_NAME = "$(TARGET_NAME)";
				SWIFT_EMIT_LOC_STRINGS = YES;
				SWIFT_VERSION = 5.0;
				TARGETED_DEVICE_FAMILY = "1,2";
			};
			name = Release;
		};
		2BDF3FCF2DF7684600D05E83 /* Debug */ = {
			isa = XCBuildConfiguration;
			buildSettings = {
				BUNDLE_LOADER = "$(TEST_HOST)";
				CODE_SIGN_STYLE = Automatic;
				CURRENT_PROJECT_VERSION = 1;
				GENERATE_INFOPLIST_FILE = YES;
				IPHONEOS_DEPLOYMENT_TARGET = 18.2;
				MARKETING_VERSION = 1.0;
				PRODUCT_BUNDLE_IDENTIFIER = com.dnxcoder.routing.pokedexSwiftUITests;
				PRODUCT_NAME = "$(TARGET_NAME)";
				SWIFT_EMIT_LOC_STRINGS = NO;
				SWIFT_VERSION = 5.0;
				TARGETED_DEVICE_FAMILY = "1,2";
				TEST_HOST = "$(BUILT_PRODUCTS_DIR)/pokedexSwiftUI.app/$(BUNDLE_EXECUTABLE_FOLDER_PATH)/pokedexSwiftUI";
			};
			name = Debug;
		};
		2BDF3FD02DF7684600D05E83 /* Release */ = {
			isa = XCBuildConfiguration;
			buildSettings = {
				BUNDLE_LOADER = "$(TEST_HOST)";
				CODE_SIGN_STYLE = Automatic;
				CURRENT_PROJECT_VERSION = 1;
				GENERATE_INFOPLIST_FILE = YES;
				IPHONEOS_DEPLOYMENT_TARGET = 18.2;
				MARKETING_VERSION = 1.0;
				PRODUCT_BUNDLE_IDENTIFIER = com.dnxcoder.routing.pokedexSwiftUITests;
				PRODUCT_NAME = "$(TARGET_NAME)";
				SWIFT_EMIT_LOC_STRINGS = NO;
				SWIFT_VERSION = 5.0;
				TARGETED_DEVICE_FAMILY = "1,2";
				TEST_HOST = "$(BUILT_PRODUCTS_DIR)/pokedexSwiftUI.app/$(BUNDLE_EXECUTABLE_FOLDER_PATH)/pokedexSwiftUI";
			};
			name = Release;
		};
		2BDF3FD22DF7684600D05E83 /* Debug */ = {
			isa = XCBuildConfiguration;
			buildSettings = {
				CODE_SIGN_STYLE = Automatic;
				CURRENT_PROJECT_VERSION = 1;
				GENERATE_INFOPLIST_FILE = YES;
				MARKETING_VERSION = 1.0;
				PRODUCT_BUNDLE_IDENTIFIER = com.dnxcoder.routing.pokedexSwiftUIUITests;
				PRODUCT_NAME = "$(TARGET_NAME)";
				SWIFT_EMIT_LOC_STRINGS = NO;
				SWIFT_VERSION = 5.0;
				TARGETED_DEVICE_FAMILY = "1,2";
				TEST_TARGET_NAME = pokedexSwiftUI;
			};
			name = Debug;
		};
		2BDF3FD32DF7684600D05E83 /* Release */ = {
			isa = XCBuildConfiguration;
			buildSettings = {
				CODE_SIGN_STYLE = Automatic;
				CURRENT_PROJECT_VERSION = 1;
				GENERATE_INFOPLIST_FILE = YES;
				MARKETING_VERSION = 1.0;
				PRODUCT_BUNDLE_IDENTIFIER = com.dnxcoder.routing.pokedexSwiftUIUITests;
				PRODUCT_NAME = "$(TARGET_NAME)";
				SWIFT_EMIT_LOC_STRINGS = NO;
				SWIFT_VERSION = 5.0;
				TARGETED_DEVICE_FAMILY = "1,2";
				TEST_TARGET_NAME = pokedexSwiftUI;
			};
			name = Release;
		};
/* End XCBuildConfiguration section */

/* Begin XCConfigurationList section */
		2BDF3FA22DF7684400D05E83 /* Build configuration list for PBXProject "pokedexSwiftUI" */ = {
			isa = XCConfigurationList;
			buildConfigurations = (
				2BDF3FC92DF7684600D05E83 /* Debug */,
				2BDF3FCA2DF7684600D05E83 /* Release */,
			);
			defaultConfigurationIsVisible = 0;
			defaultConfigurationName = Release;
		};
		2BDF3FCB2DF7684600D05E83 /* Build configuration list for PBXNativeTarget "pokedexSwiftUI" */ = {
			isa = XCConfigurationList;
			buildConfigurations = (
				2BDF3FCC2DF7684600D05E83 /* Debug */,
				2BDF3FCD2DF7684600D05E83 /* Release */,
			);
			defaultConfigurationIsVisible = 0;
			defaultConfigurationName = Release;
		};
		2BDF3FCE2DF7684600D05E83 /* Build configuration list for PBXNativeTarget "pokedexSwiftUITests" */ = {
			isa = XCConfigurationList;
			buildConfigurations = (
				2BDF3FCF2DF7684600D05E83 /* Debug */,
				2BDF3FD02DF7684600D05E83 /* Release */,
			);
			defaultConfigurationIsVisible = 0;
			defaultConfigurationName = Release;
		};
		2BDF3FD12DF7684600D05E83 /* Build configuration list for PBXNativeTarget "pokedexSwiftUIUITests" */ = {
			isa = XCConfigurationList;
			buildConfigurations = (
				2BDF3FD22DF7684600D05E83 /* Debug */,
				2BDF3FD32DF7684600D05E83 /* Release */,
			);
			defaultConfigurationIsVisible = 0;
			defaultConfigurationName = Release;
		};
/* End XCConfigurationList section */
	};
	rootObject = 2BDF3F9F2DF7684400D05E83 /* Project object */;
}
